
Microsoft Visual Studio Solution File, Format Version 12.00
# Visual Studio Version 16
VisualStudioVersion = 16.0.32002.261
MinimumVisualStudioVersion = 10.0.40219.1
Project("{FAE04EC0-301F-11D3-BF4B-00C04F79EFBC}") = "QLDSV_TC", "QLDSV_TC\QLDSV_TC.csproj", "{8689D61A-5D24-40FB-BE66-64B108E95696}"
EndProject
Global
	GlobalSection(SolutionConfigurationPlatforms) = preSolution
		Debug|Any CPU = Debug|Any CPU
		Release|Any CPU = Release|Any CPU
	EndGlobalSection
	GlobalSection(ProjectConfigurationPlatforms) = postSolution
		{8689D61A-5D24-40FB-BE66-64B108E95696}.Debug|Any CPU.ActiveCfg = Debug|Any CPU
		{8689D61A-5D24-40FB-BE66-64B108E95696}.Debug|Any CPU.Build.0 = Debug|Any CPU
		{8689D61A-5D24-40FB-BE66-64B108E95696}.Release|Any CPU.ActiveCfg = Release|Any CPU
		{8689D61A-5D24-40FB-BE66-64B108E95696}.Release|Any CPU.Build.0 = Release|Any CPU
	EndGlobalSection
	GlobalSection(SolutionProperties) = preSolution
		HideSolutionNode = FALSE
	EndGlobalSection
	GlobalSection(ExtensibilityGlobals) = postSolution
		SolutionGuid = {D516F735-92AD-4E16-BEBC-AC8E42AA5403}
	EndGlobalSection
EndGlobal
